
Microsoft Visual Studio Solution File, Format Version 12.00
# Visual Studio Version 16
VisualStudioVersion = 16.0.29721.120
MinimumVisualStudioVersion = 10.0.40219.1
Project("{FAE04EC0-301F-11D3-BF4B-00C04F79EFBC}") = "overflow", "overflow\overflow.csproj", "{78BE21AC-6D11-4C54-8010-6F448F39CF82}"
EndProject
Project("{FAE04EC0-301F-11D3-BF4B-00C04F79EFBC}") = "overflow.test", "overflow.test\overflow.test.csproj", "{035E0BDA-F99C-414A-BCA2-CD352014794D}"
	ProjectSection(ProjectDependencies) = postProject
		{78BE21AC-6D11-4C54-8010-6F448F39CF82} = {78BE21AC-6D11-4C54-8010-6F448F39CF82}
	EndProjectSection
EndProject
Global
	GlobalSection(SolutionConfigurationPlatforms) = preSolution
		Debug|Any CPU = Debug|Any CPU
		Release|Any CPU = Release|Any CPU
	EndGlobalSection
	GlobalSection(ProjectConfigurationPlatforms) = postSolution
		{78BE21AC-6D11-4C54-8010-6F448F39CF82}.Debug|Any CPU.ActiveCfg = Debug|Any CPU
		{78BE21AC-6D11-4C54-8010-6F448F39CF82}.Debug|Any CPU.Build.0 = Debug|Any CPU
		{78BE21AC-6D11-4C54-8010-6F448F39CF82}.Release|Any CPU.ActiveCfg = Release|Any CPU
		{78BE21AC-6D11-4C54-8010-6F448F39CF82}.Release|Any CPU.Build.0 = Release|Any CPU
		{035E0BDA-F99C-414A-BCA2-CD352014794D}.Debug|Any CPU.ActiveCfg = Debug|Any CPU
		{035E0BDA-F99C-414A-BCA2-CD352014794D}.Debug|Any CPU.Build.0 = Debug|Any CPU
		{035E0BDA-F99C-414A-BCA2-CD352014794D}.Release|Any CPU.ActiveCfg = Release|Any CPU
		{035E0BDA-F99C-414A-BCA2-CD352014794D}.Release|Any CPU.Build.0 = Release|Any CPU
	EndGlobalSection
	GlobalSection(SolutionProperties) = preSolution
		HideSolutionNode = FALSE
	EndGlobalSection
	GlobalSection(ExtensibilityGlobals) = postSolution
		SolutionGuid = {0CFBA1B4-0B51-4332-AD42-553F64638190}
	EndGlobalSection
EndGlobal
